
Microsoft Visual Studio Solution File, Format Version 12.00
# Visual Studio Version 16
VisualStudioVersion = 16.0.29409.12
MinimumVisualStudioVersion = 10.0.40219.1
Project("{FAE04EC0-301F-11D3-BF4B-00C04F79EFBC}") = "EsAwsMvcApp", "EsAwsMvcApp\EsAwsMvcApp.csproj", "{C7AD8C97-5798-4161-BF86-09A075EF3F27}"
EndProject
Global
	GlobalSection(SolutionConfigurationPlatforms) = preSolution
		Debug|Any CPU = Debug|Any CPU
		Release|Any CPU = Release|Any CPU
	EndGlobalSection
	GlobalSection(ProjectConfigurationPlatforms) = postSolution
		{C7AD8C97-5798-4161-BF86-09A075EF3F27}.Debug|Any CPU.ActiveCfg = Debug|Any CPU
		{C7AD8C97-5798-4161-BF86-09A075EF3F27}.Debug|Any CPU.Build.0 = Debug|Any CPU
		{C7AD8C97-5798-4161-BF86-09A075EF3F27}.Release|Any CPU.ActiveCfg = Release|Any CPU
		{C7AD8C97-5798-4161-BF86-09A075EF3F27}.Release|Any CPU.Build.0 = Release|Any CPU
	EndGlobalSection
	GlobalSection(SolutionProperties) = preSolution
		HideSolutionNode = FALSE
	EndGlobalSection
	GlobalSection(ExtensibilityGlobals) = postSolution
		SolutionGuid = {76B366FB-FA13-4301-ACEF-84C8855C0542}
	EndGlobalSection
EndGlobal
